
Microsoft Visual Studio Solution File, Format Version 12.00
# Visual Studio Version 16
VisualStudioVersion = 16.0.30709.64
MinimumVisualStudioVersion = 15.0.26124.0
Project("{9A19103F-16F7-4668-BE54-9A1E7A4F7556}") = "Lightning.Controller", "controller\Lightning.Controller\Lightning.Controller.csproj", "{5713F4A8-6706-4916-B9C2-0C9B2D6D5ED9}"
EndProject
Project("{9A19103F-16F7-4668-BE54-9A1E7A4F7556}") = "Lightning.Core", "core\Lightning.Core\Lightning.Core.csproj", "{42259DF3-97AE-4EC1-9160-8E38EC44FDBC}"
EndProject
Project("{9A19103F-16F7-4668-BE54-9A1E7A4F7556}") = "Lightning.Node", "node\Lightning.Node\Lightning.Node.csproj", "{1D087ED0-CDCD-492E-AF8B-5F3D58565F91}"
EndProject
Global
	GlobalSection(SolutionConfigurationPlatforms) = preSolution
		Debug|Any CPU = Debug|Any CPU
		Release|Any CPU = Release|Any CPU
	EndGlobalSection
	GlobalSection(ProjectConfigurationPlatforms) = postSolution
		{5713F4A8-6706-4916-B9C2-0C9B2D6D5ED9}.Debug|Any CPU.ActiveCfg = Debug|Any CPU
		{5713F4A8-6706-4916-B9C2-0C9B2D6D5ED9}.Debug|Any CPU.Build.0 = Debug|Any CPU
		{5713F4A8-6706-4916-B9C2-0C9B2D6D5ED9}.Release|Any CPU.ActiveCfg = Release|Any CPU
		{5713F4A8-6706-4916-B9C2-0C9B2D6D5ED9}.Release|Any CPU.Build.0 = Release|Any CPU
		{42259DF3-97AE-4EC1-9160-8E38EC44FDBC}.Debug|Any CPU.ActiveCfg = Debug|Any CPU
		{42259DF3-97AE-4EC1-9160-8E38EC44FDBC}.Debug|Any CPU.Build.0 = Debug|Any CPU
		{42259DF3-97AE-4EC1-9160-8E38EC44FDBC}.Release|Any CPU.ActiveCfg = Release|Any CPU
		{42259DF3-97AE-4EC1-9160-8E38EC44FDBC}.Release|Any CPU.Build.0 = Release|Any CPU
		{1D087ED0-CDCD-492E-AF8B-5F3D58565F91}.Debug|Any CPU.ActiveCfg = Debug|Any CPU
		{1D087ED0-CDCD-492E-AF8B-5F3D58565F91}.Debug|Any CPU.Build.0 = Debug|Any CPU
		{1D087ED0-CDCD-492E-AF8B-5F3D58565F91}.Release|Any CPU.ActiveCfg = Release|Any CPU
		{1D087ED0-CDCD-492E-AF8B-5F3D58565F91}.Release|Any CPU.Build.0 = Release|Any CPU
	EndGlobalSection
	GlobalSection(SolutionProperties) = preSolution
		HideSolutionNode = FALSE
	EndGlobalSection
	GlobalSection(ExtensibilityGlobals) = postSolution
		SolutionGuid = {DD140111-0F03-4F6F-9B69-73BBF07CEEF4}
	EndGlobalSection
EndGlobal
