
Microsoft Visual Studio Solution File, Format Version 12.00
# Visual Studio Version 16
VisualStudioVersion = 16.0.30709.64
MinimumVisualStudioVersion = 15.0.26124.0
Project("{9A19103F-16F7-4668-BE54-9A1E7A4F7556}") = "Lightning.Core", "core\Lightning.Core\Lightning.Core.csproj", "{42259DF3-97AE-4EC1-9160-8E38EC44FDBC}"
EndProject
Project("{9A19103F-16F7-4668-BE54-9A1E7A4F7556}") = "Lightning.Controller", "controller\Lightning.Controller\Lightning.Controller.csproj", "{CE5D08A4-683B-4C1A-A6F6-82BEDE672BF8}"
EndProject
Project("{9A19103F-16F7-4668-BE54-9A1E7A4F7556}") = "Lightning.Controller.Host", "controller\Lightning.Controller.Host\Lightning.Controller.Host.csproj", "{5A8696EC-7BD6-48D6-9248-D46663B877A8}"
EndProject
Project("{9A19103F-16F7-4668-BE54-9A1E7A4F7556}") = "Lightning.Node", "node\Lightning.Node\Lightning.Node.csproj", "{C2E2AA5C-965D-4E9C-91C2-AE5F4172ABFF}"
EndProject
Project("{9A19103F-16F7-4668-BE54-9A1E7A4F7556}") = "Lightning.Node.Host", "node\Lightning.Node.Host\Lightning.Node.Host.csproj", "{76B6EC76-7DC1-4CE7-882F-24886F4D1FDF}"
EndProject
Project("{9A19103F-16F7-4668-BE54-9A1E7A4F7556}") = "Lightning.Core.SourceGenerators", "core\Lightning.Core.SourceGenerators\Lightning.Core.SourceGenerators.csproj", "{220819A5-5EE3-4F6D-B2FF-B9EB9CC134B4}"
EndProject
Project("{2150E333-8FDC-42A3-9474-1A3956D46DE8}") = "Solution Items", "Solution Items", "{5C5C0CB9-F9E0-4843-8338-2B287FDA7E65}"
	ProjectSection(SolutionItems) = preProject
		.editorconfig = .editorconfig
	EndProjectSection
EndProject
Global
	GlobalSection(SolutionConfigurationPlatforms) = preSolution
		Debug|Any CPU = Debug|Any CPU
		Release|Any CPU = Release|Any CPU
	EndGlobalSection
	GlobalSection(ProjectConfigurationPlatforms) = postSolution
		{42259DF3-97AE-4EC1-9160-8E38EC44FDBC}.Debug|Any CPU.ActiveCfg = Debug|Any CPU
		{42259DF3-97AE-4EC1-9160-8E38EC44FDBC}.Debug|Any CPU.Build.0 = Debug|Any CPU
		{42259DF3-97AE-4EC1-9160-8E38EC44FDBC}.Release|Any CPU.ActiveCfg = Release|Any CPU
		{42259DF3-97AE-4EC1-9160-8E38EC44FDBC}.Release|Any CPU.Build.0 = Release|Any CPU
		{CE5D08A4-683B-4C1A-A6F6-82BEDE672BF8}.Debug|Any CPU.ActiveCfg = Debug|Any CPU
		{CE5D08A4-683B-4C1A-A6F6-82BEDE672BF8}.Debug|Any CPU.Build.0 = Debug|Any CPU
		{CE5D08A4-683B-4C1A-A6F6-82BEDE672BF8}.Release|Any CPU.ActiveCfg = Release|Any CPU
		{CE5D08A4-683B-4C1A-A6F6-82BEDE672BF8}.Release|Any CPU.Build.0 = Release|Any CPU
		{5A8696EC-7BD6-48D6-9248-D46663B877A8}.Debug|Any CPU.ActiveCfg = Debug|Any CPU
		{5A8696EC-7BD6-48D6-9248-D46663B877A8}.Debug|Any CPU.Build.0 = Debug|Any CPU
		{5A8696EC-7BD6-48D6-9248-D46663B877A8}.Release|Any CPU.ActiveCfg = Release|Any CPU
		{5A8696EC-7BD6-48D6-9248-D46663B877A8}.Release|Any CPU.Build.0 = Release|Any CPU
		{C2E2AA5C-965D-4E9C-91C2-AE5F4172ABFF}.Debug|Any CPU.ActiveCfg = Debug|Any CPU
		{C2E2AA5C-965D-4E9C-91C2-AE5F4172ABFF}.Debug|Any CPU.Build.0 = Debug|Any CPU
		{C2E2AA5C-965D-4E9C-91C2-AE5F4172ABFF}.Release|Any CPU.ActiveCfg = Release|Any CPU
		{C2E2AA5C-965D-4E9C-91C2-AE5F4172ABFF}.Release|Any CPU.Build.0 = Release|Any CPU
		{76B6EC76-7DC1-4CE7-882F-24886F4D1FDF}.Debug|Any CPU.ActiveCfg = Debug|Any CPU
		{76B6EC76-7DC1-4CE7-882F-24886F4D1FDF}.Debug|Any CPU.Build.0 = Debug|Any CPU
		{76B6EC76-7DC1-4CE7-882F-24886F4D1FDF}.Release|Any CPU.ActiveCfg = Release|Any CPU
		{76B6EC76-7DC1-4CE7-882F-24886F4D1FDF}.Release|Any CPU.Build.0 = Release|Any CPU
		{220819A5-5EE3-4F6D-B2FF-B9EB9CC134B4}.Debug|Any CPU.ActiveCfg = Debug|Any CPU
		{220819A5-5EE3-4F6D-B2FF-B9EB9CC134B4}.Debug|Any CPU.Build.0 = Debug|Any CPU
		{220819A5-5EE3-4F6D-B2FF-B9EB9CC134B4}.Release|Any CPU.ActiveCfg = Release|Any CPU
		{220819A5-5EE3-4F6D-B2FF-B9EB9CC134B4}.Release|Any CPU.Build.0 = Release|Any CPU
	EndGlobalSection
	GlobalSection(SolutionProperties) = preSolution
		HideSolutionNode = FALSE
	EndGlobalSection
	GlobalSection(ExtensibilityGlobals) = postSolution
		SolutionGuid = {DD140111-0F03-4F6F-9B69-73BBF07CEEF4}
	EndGlobalSection
EndGlobal
